{
  "requires": true,
  "lockfileVersion": 1,
  "dependencies": {
    "ngx-snackbar": {
      "version": "2.0.1",
      "resolved": "https://registry.npmjs.org/ngx-snackbar/-/ngx-snackbar-2.0.1.tgz",
      "integrity": "sha512-bM5d1mrcqbWuZK+5GRAJHYm4ACBVyFILhXTtbFRMGKxG2AxFk/eHroUauahzU/7P2GZzAt8/M5wqEn5CnuRu9A=="
    }
  }
}
